
Microsoft Visual Studio Solution File, Format Version 12.00
# Visual Studio 15
VisualStudioVersion = 15.0.26124.0
MinimumVisualStudioVersion = 15.0.26124.0
Project("{FAE04EC0-301F-11D3-BF4B-00C04F79EFBC}") = "WebApiJwt", "WebApiJwt\WebApiJwt.csproj", "{5668E2BC-9621-49ED-B95F-81A866B3A205}"
EndProject
Project("{FAE04EC0-301F-11D3-BF4B-00C04F79EFBC}") = "DAL", "DAL\DAL.csproj", "{98653B6C-30FC-4953-9625-98718F662FC1}"

Global
	GlobalSection(SolutionConfigurationPlatforms) = preSolution
		Debug|Any CPU = Debug|Any CPU
		Debug|x64 = Debug|x64
		Debug|x86 = Debug|x86
		Release|Any CPU = Release|Any CPU
		Release|x64 = Release|x64
		Release|x86 = Release|x86
	EndGlobalSection
	GlobalSection(SolutionProperties) = preSolution
		HideSolutionNode = FALSE
	EndGlobalSection
	GlobalSection(ProjectConfigurationPlatforms) = postSolution
		{5668E2BC-9621-49ED-B95F-81A866B3A205}.Debug|Any CPU.ActiveCfg = Debug|Any CPU
		{5668E2BC-9621-49ED-B95F-81A866B3A205}.Debug|Any CPU.Build.0 = Debug|Any CPU
		{5668E2BC-9621-49ED-B95F-81A866B3A205}.Debug|x64.ActiveCfg = Debug|x64
		{5668E2BC-9621-49ED-B95F-81A866B3A205}.Debug|x64.Build.0 = Debug|x64
		{5668E2BC-9621-49ED-B95F-81A866B3A205}.Debug|x86.ActiveCfg = Debug|x86
		{5668E2BC-9621-49ED-B95F-81A866B3A205}.Debug|x86.Build.0 = Debug|x86
		{5668E2BC-9621-49ED-B95F-81A866B3A205}.Release|Any CPU.ActiveCfg = Release|Any CPU
		{5668E2BC-9621-49ED-B95F-81A866B3A205}.Release|Any CPU.Build.0 = Release|Any CPU
		{5668E2BC-9621-49ED-B95F-81A866B3A205}.Release|x64.ActiveCfg = Release|x64
		{5668E2BC-9621-49ED-B95F-81A866B3A205}.Release|x64.Build.0 = Release|x64
		{5668E2BC-9621-49ED-B95F-81A866B3A205}.Release|x86.ActiveCfg = Release|x86
		{5668E2BC-9621-49ED-B95F-81A866B3A205}.Release|x86.Build.0 = Release|x86
		{98653B6C-30FC-4953-9625-98718F662FC1}.Debug|Any CPU.ActiveCfg = Debug|Any CPU
		{98653B6C-30FC-4953-9625-98718F662FC1}.Debug|Any CPU.Build.0 = Debug|Any CPU
		{98653B6C-30FC-4953-9625-98718F662FC1}.Debug|x64.ActiveCfg = Debug|x64
		{98653B6C-30FC-4953-9625-98718F662FC1}.Debug|x64.Build.0 = Debug|x64
		{98653B6C-30FC-4953-9625-98718F662FC1}.Debug|x86.ActiveCfg = Debug|x86
		{98653B6C-30FC-4953-9625-98718F662FC1}.Debug|x86.Build.0 = Debug|x86
		{98653B6C-30FC-4953-9625-98718F662FC1}.Release|Any CPU.ActiveCfg = Release|Any CPU
		{98653B6C-30FC-4953-9625-98718F662FC1}.Release|Any CPU.Build.0 = Release|Any CPU
		{98653B6C-30FC-4953-9625-98718F662FC1}.Release|x64.ActiveCfg = Release|x64
		{98653B6C-30FC-4953-9625-98718F662FC1}.Release|x64.Build.0 = Release|x64
		{98653B6C-30FC-4953-9625-98718F662FC1}.Release|x86.ActiveCfg = Release|x86
		{98653B6C-30FC-4953-9625-98718F662FC1}.Release|x86.Build.0 = Release|x86
		{553D400B-76D2-45D3-88BC-49535E3B4A37}.Debug|Any CPU.ActiveCfg = Debug|Any CPU
		{553D400B-76D2-45D3-88BC-49535E3B4A37}.Debug|Any CPU.Build.0 = Debug|Any CPU
		{553D400B-76D2-45D3-88BC-49535E3B4A37}.Debug|x64.ActiveCfg = Debug|x64
		{553D400B-76D2-45D3-88BC-49535E3B4A37}.Debug|x64.Build.0 = Debug|x64
		{553D400B-76D2-45D3-88BC-49535E3B4A37}.Debug|x86.ActiveCfg = Debug|x86
		{553D400B-76D2-45D3-88BC-49535E3B4A37}.Debug|x86.Build.0 = Debug|x86
		{553D400B-76D2-45D3-88BC-49535E3B4A37}.Release|Any CPU.ActiveCfg = Release|Any CPU
		{553D400B-76D2-45D3-88BC-49535E3B4A37}.Release|Any CPU.Build.0 = Release|Any CPU
		{553D400B-76D2-45D3-88BC-49535E3B4A37}.Release|x64.ActiveCfg = Release|x64
		{553D400B-76D2-45D3-88BC-49535E3B4A37}.Release|x64.Build.0 = Release|x64
		{553D400B-76D2-45D3-88BC-49535E3B4A37}.Release|x86.ActiveCfg = Release|x86
		{553D400B-76D2-45D3-88BC-49535E3B4A37}.Release|x86.Build.0 = Release|x86
		{9FD77D21-83E5-4B80-953C-CB153B758EFA}.Debug|Any CPU.ActiveCfg = Debug|Any CPU
		{9FD77D21-83E5-4B80-953C-CB153B758EFA}.Debug|Any CPU.Build.0 = Debug|Any CPU
		{9FD77D21-83E5-4B80-953C-CB153B758EFA}.Debug|x64.ActiveCfg = Debug|x64
		{9FD77D21-83E5-4B80-953C-CB153B758EFA}.Debug|x64.Build.0 = Debug|x64
		{9FD77D21-83E5-4B80-953C-CB153B758EFA}.Debug|x86.ActiveCfg = Debug|x86
		{9FD77D21-83E5-4B80-953C-CB153B758EFA}.Debug|x86.Build.0 = Debug|x86
		{9FD77D21-83E5-4B80-953C-CB153B758EFA}.Release|Any CPU.ActiveCfg = Release|Any CPU
		{9FD77D21-83E5-4B80-953C-CB153B758EFA}.Release|Any CPU.Build.0 = Release|Any CPU
		{9FD77D21-83E5-4B80-953C-CB153B758EFA}.Release|x64.ActiveCfg = Release|x64
		{9FD77D21-83E5-4B80-953C-CB153B758EFA}.Release|x64.Build.0 = Release|x64
		{9FD77D21-83E5-4B80-953C-CB153B758EFA}.Release|x86.ActiveCfg = Release|x86
		{9FD77D21-83E5-4B80-953C-CB153B758EFA}.Release|x86.Build.0 = Release|x86
	EndGlobalSection
EndGlobal
